PODS:
  - Alamofire (5.4.1)
  - SDWebImage (5.10.2):
    - SDWebImage/Core (= 5.10.2)
  - SDWebImage/Core (5.10.2)
  - SwiftLint (0.42.0)
  - Toast-Swift (5.0.1)

DEPENDENCIES:
  - Alamofire
  - SDWebImage
  - SwiftLint
  - Toast-Swift

SPEC REPOS:
  trunk:
    - Alamofire
    - SDWebImage
    - SwiftLint
    - Toast-Swift

SPEC CHECKSUMS:
  Alamofire: 2291f7d21ca607c491dd17642e5d40fdcda0e65c
  SDWebImage: b969dcfc02c40a5da71eac0b03b8f1a0c794a86f
  SwiftLint: 4fa9579c63416865179bc416f0a92d55f009600d
  Toast-Swift: 9b6a70f28b3bf0b96c40d46c0c4b9d6639846711

PODFILE CHECKSUM: c5f6af84e876406f14c7650565dad93c14f01458

COCOAPODS: 1.9.3
